// !$*UTF8*$!
{
	archiveVersion = 1;
	classes = {
	};
	objectVersion = 48;
	objects = {

/* Begin PBXBuildFile section */
		58A6E41A200E66B90011D0EF /* main.m in Sources */ = {isa = PBXBuildFile; fileRef = 58A6E419200E66B90011D0EF /* main.m */; };
		58A6E422200E6EAF0011D0EF /* Question.m in Sources */ = {isa = PBXBuildFile; fileRef = 58A6E421200E6EAF0011D0EF /* Question.m */; };
		58A6E425200E7D960011D0EF /* InputHandler.m in Sources */ = {isa = PBXBuildFile; fileRef = 58A6E424200E7D960011D0EF /* InputHandler.m */; };
		58A6E428200E82ED0011D0EF /* ScoreKeeper.m in Sources */ = {isa = PBXBuildFile; fileRef = 58A6E427200E82ED0011D0EF /* ScoreKeeper.m */; };
		58E5C903200FB2A700D7B417 /* QuestionManager.m in Sources */ = {isa = PBXBuildFile; fileRef = 58E5C902200FB2A700D7B417 /* QuestionManager.m */; };
		58E5C906200FC49B00D7B417 /* AdditionQuestion.m in Sources */ = {isa = PBXBuildFile; fileRef = 58E5C905200FC49B00D7B417 /* AdditionQuestion.m */; };
		58E5C909200FC4B800D7B417 /* SubtractionQuestion.m in Sources */ = {isa = PBXBuildFile; fileRef = 58E5C908200FC4B800D7B417 /* SubtractionQuestion.m */; };
		58E5C90C200FC4D100D7B417 /* MultiplicationQuestion.m in Sources */ = {isa = PBXBuildFile; fileRef = 58E5C90B200FC4D100D7B417 /* MultiplicationQuestion.m */; };
		58E5C90F200FC4E700D7B417 /* DivisionQuestion.m in Sources */ = {isa = PBXBuildFile; fileRef = 58E5C90E200FC4E700D7B417 /* DivisionQuestion.m */; };
		58E5C912200FCC0800D7B417 /* QuestionFactory.m in Sources */ = {isa = PBXBuildFile; fileRef = 58E5C911200FCC0800D7B417 /* QuestionFactory.m */; };
/* End PBXBuildFile section */

/* Begin PBXCopyFilesBuildPhase section */
		58A6E414200E66B90011D0EF /* CopyFiles */ = {
			isa = PBXCopyFilesBuildPhase;
			buildActionMask = 2147483647;
			dstPath = /usr/share/man/man1/;
			dstSubfolderSpec = 0;
			files = (
			);
			runOnlyForDeploymentPostprocessing = 1;
		};
/* End PBXCopyFilesBuildPhase section */

/* Begin PBXFileReference section */
		58A6E416200E66B90011D0EF /* Maths */ = {isa = PBXFileReference; explicitFileType = "compiled.mach-o.executable"; includeInIndex = 0; path = Maths; sourceTree = BUILT_PRODUCTS_DIR; };
		58A6E419200E66B90011D0EF /* main.m */ = {isa = PBXFileReference; lastKnownFileType = sourcecode.c.objc; path = main.m; sourceTree = "<group>"; };
		58A6E420200E6EAF0011D0EF /* Question.h */ = {isa = PBXFileReference; lastKnownFileType = sourcecode.c.h; path = Question.h; sourceTree = "<group>"; };
		58A6E421200E6EAF0011D0EF /* Question.m */ = {isa = PBXFileReference; lastKnownFileType = sourcecode.c.objc; path = Question.m; sourceTree = "<group>"; };
		58A6E423200E7D960011D0EF /* InputHandler.h */ = {isa = PBXFileReference; lastKnownFileType = sourcecode.c.h; path = InputHandler.h; sourceTree = "<group>"; };
		58A6E424200E7D960011D0EF /* InputHandler.m */ = {isa = PBXFileReference; lastKnownFileType = sourcecode.c.objc; path = InputHandler.m; sourceTree = "<group>"; };
		58A6E426200E82ED0011D0EF /* ScoreKeeper.h */ = {isa = PBXFileReference; lastKnownFileType = sourcecode.c.h; path = ScoreKeeper.h; sourceTree = "<group>"; };
		58A6E427200E82ED0011D0EF /* ScoreKeeper.m */ = {isa = PBXFileReference; lastKnownFileType = sourcecode.c.objc; path = ScoreKeeper.m; sourceTree = "<group>"; };
		58E5C901200FB2A700D7B417 /* QuestionManager.h */ = {isa = PBXFileReference; lastKnownFileType = sourcecode.c.h; path = QuestionManager.h; sourceTree = "<group>"; };
		58E5C902200FB2A700D7B417 /* QuestionManager.m */ = {isa = PBXFileReference; lastKnownFileType = sourcecode.c.objc; path = QuestionManager.m; sourceTree = "<group>"; };
		58E5C904200FC49B00D7B417 /* AdditionQuestion.h */ = {isa = PBXFileReference; lastKnownFileType = sourcecode.c.h; path = AdditionQuestion.h; sourceTree = "<group>"; };
		58E5C905200FC49B00D7B417 /* AdditionQuestion.m */ = {isa = PBXFileReference; lastKnownFileType = sourcecode.c.objc; path = AdditionQuestion.m; sourceTree = "<group>"; };
		58E5C907200FC4B800D7B417 /* SubtractionQuestion.h */ = {isa = PBXFileReference; lastKnownFileType = sourcecode.c.h; path = SubtractionQuestion.h; sourceTree = "<group>"; };
		58E5C908200FC4B800D7B417 /* SubtractionQuestion.m */ = {isa = PBXFileReference; lastKnownFileType = sourcecode.c.objc; path = SubtractionQuestion.m; sourceTree = "<group>"; };
		58E5C90A200FC4D100D7B417 /* MultiplicationQuestion.h */ = {isa = PBXFileReference; lastKnownFileType = sourcecode.c.h; path = MultiplicationQuestion.h; sourceTree = "<group>"; };
		58E5C90B200FC4D100D7B417 /* MultiplicationQuestion.m */ = {isa = PBXFileReference; lastKnownFileType = sourcecode.c.objc; path = MultiplicationQuestion.m; sourceTree = "<group>"; };
		58E5C90D200FC4E600D7B417 /* DivisionQuestion.h */ = {isa = PBXFileReference; lastKnownFileType = sourcecode.c.h; path = DivisionQuestion.h; sourceTree = "<group>"; };
		58E5C90E200FC4E700D7B417 /* DivisionQuestion.m */ = {isa = PBXFileReference; lastKnownFileType = sourcecode.c.objc; path = DivisionQuestion.m; sourceTree = "<group>"; };
		58E5C910200FCC0800D7B417 /* QuestionFactory.h */ = {isa = PBXFileReference; lastKnownFileType = sourcecode.c.h; path = QuestionFactory.h; sourceTree = "<group>"; };
		58E5C911200FCC0800D7B417 /* QuestionFactory.m */ = {isa = PBXFileReference; lastKnownFileType = sourcecode.c.objc; path = QuestionFactory.m; sourceTree = "<group>"; };
/* End PBXFileReference section */

/* Begin PBXFrameworksBuildPhase section */
		58A6E413200E66B90011D0EF /* Frameworks */ = {
			isa = PBXFrameworksBuildPhase;
			buildActionMask = 2147483647;
			files = (
			);
			runOnlyForDeploymentPostprocessing = 0;
		};
/* End PBXFrameworksBuildPhase section */

/* Begin PBXGroup section */
		58A6E40D200E66B90011D0EF = {
			isa = PBXGroup;
			children = (
				58A6E418200E66B90011D0EF /* Maths */,
				58A6E417200E66B90011D0EF /* Products */,
			);
			sourceTree = "<group>";
		};
		58A6E417200E66B90011D0EF /* Products */ = {
			isa = PBXGroup;
			children = (
				58A6E416200E66B90011D0EF /* Maths */,
			);
			name = Products;
			sourceTree = "<group>";
		};
		58A6E418200E66B90011D0EF /* Maths */ = {
			isa = PBXGroup;
			children = (
				58A6E419200E66B90011D0EF /* main.m */,
				58E5C904200FC49B00D7B417 /* AdditionQuestion.h */,
				58E5C905200FC49B00D7B417 /* AdditionQuestion.m */,
				58E5C907200FC4B800D7B417 /* SubtractionQuestion.h */,
				58E5C908200FC4B800D7B417 /* SubtractionQuestion.m */,
				58E5C90A200FC4D100D7B417 /* MultiplicationQuestion.h */,
				58E5C90B200FC4D100D7B417 /* MultiplicationQuestion.m */,
				58E5C90D200FC4E600D7B417 /* DivisionQuestion.h */,
				58E5C90E200FC4E700D7B417 /* DivisionQuestion.m */,
				58A6E426200E82ED0011D0EF /* ScoreKeeper.h */,
				58A6E427200E82ED0011D0EF /* ScoreKeeper.m */,
				58A6E423200E7D960011D0EF /* InputHandler.h */,
				58A6E424200E7D960011D0EF /* InputHandler.m */,
				58A6E420200E6EAF0011D0EF /* Question.h */,
				58A6E421200E6EAF0011D0EF /* Question.m */,
				58E5C910200FCC0800D7B417 /* QuestionFactory.h */,
				58E5C911200FCC0800D7B417 /* QuestionFactory.m */,
				58E5C901200FB2A700D7B417 /* QuestionManager.h */,
				58E5C902200FB2A700D7B417 /* QuestionManager.m */,
			);
			path = Maths;
			sourceTree = "<group>";
		};
/* End PBXGroup section */

/* Begin PBXNativeTarget section */
		58A6E415200E66B90011D0EF /* Maths */ = {
			isa = PBXNativeTarget;
			buildConfigurationList = 58A6E41D200E66B90011D0EF /* Build configuration list for PBXNativeTarget "Maths" */;
			buildPhases = (
				58A6E412200E66B90011D0EF /* Sources */,
				58A6E413200E66B90011D0EF /* Frameworks */,
				58A6E414200E66B90011D0EF /* CopyFiles */,
			);
			buildRules = (
			);
			dependencies = (
			);
			name = Maths;
			productName = Maths;
			productReference = 58A6E416200E66B90011D0EF /* Maths */;
			productType = "com.apple.product-type.tool";
		};
/* End PBXNativeTarget section */

/* Begin PBXProject section */
		58A6E40E200E66B90011D0EF /* Project object */ = {
			isa = PBXProject;
			attributes = {
				LastUpgradeCheck = 0920;
				ORGANIZATIONNAME = "Eric Gregor";
				TargetAttributes = {
					58A6E415200E66B90011D0EF = {
						CreatedOnToolsVersion = 9.2;
						ProvisioningStyle = Automatic;
					};
				};
			};
			buildConfigurationList = 58A6E411200E66B90011D0EF /* Build configuration list for PBXProject "Maths" */;
			compatibilityVersion = "Xcode 8.0";
			developmentRegion = en;
			hasScannedForEncodings = 0;
			knownRegions = (
				en,
			);
			mainGroup = 58A6E40D200E66B90011D0EF;
			productRefGroup = 58A6E417200E66B90011D0EF /* Products */;
			projectDirPath = "";
			projectRoot = "";
			targets = (
				58A6E415200E66B90011D0EF /* Maths */,
			);
		};
/* End PBXProject section */

/* Begin PBXSourcesBuildPhase section */
		58A6E412200E66B90011D0EF /* Sources */ = {
			isa = PBXSourcesBuildPhase;
			buildActionMask = 2147483647;
			files = (
				58E5C903200FB2A700D7B417 /* QuestionManager.m in Sources */,
				58E5C90C200FC4D100D7B417 /* MultiplicationQuestion.m in Sources */,
				58E5C906200FC49B00D7B417 /* AdditionQuestion.m in Sources */,
				58E5C909200FC4B800D7B417 /* SubtractionQuestion.m in Sources */,
				58A6E428200E82ED0011D0EF /* ScoreKeeper.m in Sources */,
				58A6E41A200E66B90011D0EF /* main.m in Sources */,
				58E5C90F200FC4E700D7B417 /* DivisionQuestion.m in Sources */,
				58A6E425200E7D960011D0EF /* InputHandler.m in Sources */,
				58E5C912200FCC0800D7B417 /* QuestionFactory.m in Sources */,
				58A6E422200E6EAF0011D0EF /* Question.m in Sources */,
			);
			runOnlyForDeploymentPostprocessing = 0;
		};
/* End PBXSourcesBuildPhase section */

/* Begin XCBuildConfiguration section */
		58A6E41B200E66B90011D0EF /* Debug */ = {
			isa = XCBuildConfiguration;
			buildSettings = {
				ALWAYS_SEARCH_USER_PATHS = NO;
				CLANG_ANALYZER_NONNULL = YES;
				CLANG_ANALYZER_NUMBER_OBJECT_CONVERSION = YES_AGGRESSIVE;
				CLANG_CXX_LANGUAGE_STANDARD = "gnu++14";
				CLANG_CXX_LIBRARY = "libc++";
				CLANG_ENABLE_MODULES = YES;
				CLANG_ENABLE_OBJC_ARC = YES;
				CLANG_WARN_BLOCK_CAPTURE_AUTORELEASING = YES;
				CLANG_WARN_BOOL_CONVERSION = YES;
				CLANG_WARN_COMMA = YES;
				CLANG_WARN_CONSTANT_CONVERSION = YES;
				CLANG_WARN_DIRECT_OBJC_ISA_USAGE = YES_ERROR;
				CLANG_WARN_DOCUMENTATION_COMMENTS = YES;
				CLANG_WARN_EMPTY_BODY = YES;
				CLANG_WARN_ENUM_CONVERSION = YES;
				CLANG_WARN_INFINITE_RECURSION = YES;
				CLANG_WARN_INT_CONVERSION = YES;
				CLANG_WARN_NON_LITERAL_NULL_CONVERSION = YES;
				CLANG_WARN_OBJC_LITERAL_CONVERSION = YES;
				CLANG_WARN_OBJC_ROOT_CLASS = YES_ERROR;
				CLANG_WARN_RANGE_LOOP_ANALYSIS = YES;
				CLANG_WARN_STRICT_PROTOTYPES = YES;
				CLANG_WARN_SUSPICIOUS_MOVE = YES;
				CLANG_WARN_UNGUARDED_AVAILABILITY = YES_AGGRESSIVE;
				CLANG_WARN_UNREACHABLE_CODE = YES;
				CLANG_WARN__DUPLICATE_METHOD_MATCH = YES;
				CODE_SIGN_IDENTITY = "-";
				COPY_PHASE_STRIP = NO;
				DEBUG_INFORMATION_FORMAT = dwarf;
				ENABLE_STRICT_OBJC_MSGSEND = YES;
				ENABLE_TESTABILITY = YES;
				GCC_C_LANGUAGE_STANDARD = gnu11;
				GCC_DYNAMIC_NO_PIC = NO;
				GCC_NO_COMMON_BLOCKS = YES;
				GCC_OPTIMIZATION_LEVEL = 0;
				GCC_PREPROCESSOR_DEFINITIONS = (
					"DEBUG=1",
					"$(inherited)",
				);
				GCC_WARN_64_TO_32_BIT_CONVERSION = YES;
				GCC_WARN_ABOUT_RETURN_TYPE = YES_ERROR;
				GCC_WARN_UNDECLARED_SELECTOR = YES;
				GCC_WARN_UNINITIALIZED_AUTOS = YES_AGGRESSIVE;
				GCC_WARN_UNUSED_FUNCTION = YES;
				GCC_WARN_UNUSED_VARIABLE = YES;
				MACOSX_DEPLOYMENT_TARGET = 10.13;
				MTL_ENABLE_DEBUG_INFO = YES;
				ONLY_ACTIVE_ARCH = YES;
				SDKROOT = macosx;
			};
			name = Debug;
		};
		58A6E41C200E66B90011D0EF /* Release */ = {
			isa = XCBuildConfiguration;
			buildSettings = {
				ALWAYS_SEARCH_USER_PATHS = NO;
				CLANG_ANALYZER_NONNULL = YES;
				CLANG_ANALYZER_NUMBER_OBJECT_CONVERSION = YES_AGGRESSIVE;
				CLANG_CXX_LANGUAGE_STANDARD = "gnu++14";
				CLANG_CXX_LIBRARY = "libc++";
				CLANG_ENABLE_MODULES = YES;
				CLANG_ENABLE_OBJC_ARC = YES;
				CLANG_WARN_BLOCK_CAPTURE_AUTORELEASING = YES;
				CLANG_WARN_BOOL_CONVERSION = YES;
				CLANG_WARN_COMMA = YES;
				CLANG_WARN_CONSTANT_CONVERSION = YES;
				CLANG_WARN_DIRECT_OBJC_ISA_USAGE = YES_ERROR;
				CLANG_WARN_DOCUMENTATION_COMMENTS = YES;
				CLANG_WARN_EMPTY_BODY = YES;
				CLANG_WARN_ENUM_CONVERSION = YES;
				CLANG_WARN_INFINITE_RECURSION = YES;
				CLANG_WARN_INT_CONVERSION = YES;
				CLANG_WARN_NON_LITERAL_NULL_CONVERSION = YES;
				CLANG_WARN_OBJC_LITERAL_CONVERSION = YES;
				CLANG_WARN_OBJC_ROOT_CLASS = YES_ERROR;
				CLANG_WARN_RANGE_LOOP_ANALYSIS = YES;
				CLANG_WARN_STRICT_PROTOTYPES = YES;
				CLANG_WARN_SUSPICIOUS_MOVE = YES;
				CLANG_WARN_UNGUARDED_AVAILABILITY = YES_AGGRESSIVE;
				CLANG_WARN_UNREACHABLE_CODE = YES;
				CLANG_WARN__DUPLICATE_METHOD_MATCH = YES;
				CODE_SIGN_IDENTITY = "-";
				COPY_PHASE_STRIP = NO;
				DEBUG_INFORMATION_FORMAT = "dwarf-with-dsym";
				ENABLE_NS_ASSERTIONS = NO;
				ENABLE_STRICT_OBJC_MSGSEND = YES;
				GCC_C_LANGUAGE_STANDARD = gnu11;
				GCC_NO_COMMON_BLOCKS = YES;
				GCC_WARN_64_TO_32_BIT_CONVERSION = YES;
				GCC_WARN_ABOUT_RETURN_TYPE = YES_ERROR;
				GCC_WARN_UNDECLARED_SELECTOR = YES;
				GCC_WARN_UNINITIALIZED_AUTOS = YES_AGGRESSIVE;
				GCC_WARN_UNUSED_FUNCTION = YES;
				GCC_WARN_UNUSED_VARIABLE = YES;
				MACOSX_DEPLOYMENT_TARGET = 10.13;
				MTL_ENABLE_DEBUG_INFO = NO;
				SDKROOT = macosx;
			};
			name = Release;
		};
		58A6E41E200E66B90011D0EF /* Debug */ = {
			isa = XCBuildConfiguration;
			buildSettings = {
				CODE_SIGN_STYLE = Automatic;
				PRODUCT_NAME = "$(TARGET_NAME)";
			};
			name = Debug;
		};
		58A6E41F200E66B90011D0EF /* Release */ = {
			isa = XCBuildConfiguration;
			buildSettings = {
				CODE_SIGN_STYLE = Automatic;
				PRODUCT_NAME = "$(TARGET_NAME)";
			};
			name = Release;
		};
/* End XCBuildConfiguration section */

/* Begin XCConfigurationList section */
		58A6E411200E66B90011D0EF /* Build configuration list for PBXProject "Maths" */ = {
			isa = XCConfigurationList;
			buildConfigurations = (
				58A6E41B200E66B90011D0EF /* Debug */,
				58A6E41C200E66B90011D0EF /* Release */,
			);
			defaultConfigurationIsVisible = 0;
			defaultConfigurationName = Release;
		};
		58A6E41D200E66B90011D0EF /* Build configuration list for PBXNativeTarget "Maths" */ = {
			isa = XCConfigurationList;
			buildConfigurations = (
				58A6E41E200E66B90011D0EF /* Debug */,
				58A6E41F200E66B90011D0EF /* Release */,
			);
			defaultConfigurationIsVisible = 0;
			defaultConfigurationName = Release;
		};
/* End XCConfigurationList section */
	};
	rootObject = 58A6E40E200E66B90011D0EF /* Project object */;
}
