// !$*UTF8*$!
{
	archiveVersion = 1;
	classes = {
	};
	objectVersion = 48;
	objects = {

/* Begin PBXBuildFile section */
		58A6E436200EA3260011D0EF /* main.m in Sources */ = {isa = PBXBuildFile; fileRef = 58A6E435200EA3260011D0EF /* main.m */; };
		58A6E43E200EA4250011D0EF /* InputCollector.m in Sources */ = {isa = PBXBuildFile; fileRef = 58A6E43D200EA4250011D0EF /* InputCollector.m */; };
		58A6E441200EAEAF0011D0EF /* Contact.m in Sources */ = {isa = PBXBuildFile; fileRef = 58A6E440200EAEAF0011D0EF /* Contact.m */; };
		58A6E444200EB2A50011D0EF /* ContactList.m in Sources */ = {isa = PBXBuildFile; fileRef = 58A6E443200EB2A50011D0EF /* ContactList.m */; };
/* End PBXBuildFile section */

/* Begin PBXCopyFilesBuildPhase section */
		58A6E430200EA3260011D0EF /* CopyFiles */ = {
			isa = PBXCopyFilesBuildPhase;
			buildActionMask = 2147483647;
			dstPath = /usr/share/man/man1/;
			dstSubfolderSpec = 0;
			files = (
			);
			runOnlyForDeploymentPostprocessing = 1;
		};
/* End PBXCopyFilesBuildPhase section */

/* Begin PBXFileReference section */
		58A6E432200EA3260011D0EF /* Contact List */ = {isa = PBXFileReference; explicitFileType = "compiled.mach-o.executable"; includeInIndex = 0; path = "Contact List"; sourceTree = BUILT_PRODUCTS_DIR; };
		58A6E435200EA3260011D0EF /* main.m */ = {isa = PBXFileReference; lastKnownFileType = sourcecode.c.objc; path = main.m; sourceTree = "<group>"; };
		58A6E43C200EA4250011D0EF /* InputCollector.h */ = {isa = PBXFileReference; lastKnownFileType = sourcecode.c.h; path = InputCollector.h; sourceTree = "<group>"; };
		58A6E43D200EA4250011D0EF /* InputCollector.m */ = {isa = PBXFileReference; lastKnownFileType = sourcecode.c.objc; path = InputCollector.m; sourceTree = "<group>"; };
		58A6E43F200EAEAF0011D0EF /* Contact.h */ = {isa = PBXFileReference; lastKnownFileType = sourcecode.c.h; path = Contact.h; sourceTree = "<group>"; };
		58A6E440200EAEAF0011D0EF /* Contact.m */ = {isa = PBXFileReference; lastKnownFileType = sourcecode.c.objc; path = Contact.m; sourceTree = "<group>"; };
		58A6E442200EB2A50011D0EF /* ContactList.h */ = {isa = PBXFileReference; lastKnownFileType = sourcecode.c.h; path = ContactList.h; sourceTree = "<group>"; };
		58A6E443200EB2A50011D0EF /* ContactList.m */ = {isa = PBXFileReference; lastKnownFileType = sourcecode.c.objc; path = ContactList.m; sourceTree = "<group>"; };
/* End PBXFileReference section */

/* Begin PBXFrameworksBuildPhase section */
		58A6E42F200EA3260011D0EF /* Frameworks */ = {
			isa = PBXFrameworksBuildPhase;
			buildActionMask = 2147483647;
			files = (
			);
			runOnlyForDeploymentPostprocessing = 0;
		};
/* End PBXFrameworksBuildPhase section */

/* Begin PBXGroup section */
		58A6E429200EA3260011D0EF = {
			isa = PBXGroup;
			children = (
				58A6E434200EA3260011D0EF /* Contact List */,
				58A6E433200EA3260011D0EF /* Products */,
			);
			sourceTree = "<group>";
		};
		58A6E433200EA3260011D0EF /* Products */ = {
			isa = PBXGroup;
			children = (
				58A6E432200EA3260011D0EF /* Contact List */,
			);
			name = Products;
			sourceTree = "<group>";
		};
		58A6E434200EA3260011D0EF /* Contact List */ = {
			isa = PBXGroup;
			children = (
				58A6E435200EA3260011D0EF /* main.m */,
				58A6E442200EB2A50011D0EF /* ContactList.h */,
				58A6E443200EB2A50011D0EF /* ContactList.m */,
				58A6E43F200EAEAF0011D0EF /* Contact.h */,
				58A6E440200EAEAF0011D0EF /* Contact.m */,
				58A6E43C200EA4250011D0EF /* InputCollector.h */,
				58A6E43D200EA4250011D0EF /* InputCollector.m */,
			);
			path = "Contact List";
			sourceTree = "<group>";
		};
/* End PBXGroup section */

/* Begin PBXNativeTarget section */
		58A6E431200EA3260011D0EF /* Contact List */ = {
			isa = PBXNativeTarget;
			buildConfigurationList = 58A6E439200EA3260011D0EF /* Build configuration list for PBXNativeTarget "Contact List" */;
			buildPhases = (
				58A6E42E200EA3260011D0EF /* Sources */,
				58A6E42F200EA3260011D0EF /* Frameworks */,
				58A6E430200EA3260011D0EF /* CopyFiles */,
			);
			buildRules = (
			);
			dependencies = (
			);
			name = "Contact List";
			productName = "Contact List";
			productReference = 58A6E432200EA3260011D0EF /* Contact List */;
			productType = "com.apple.product-type.tool";
		};
/* End PBXNativeTarget section */

/* Begin PBXProject section */
		58A6E42A200EA3260011D0EF /* Project object */ = {
			isa = PBXProject;
			attributes = {
				LastUpgradeCheck = 0920;
				ORGANIZATIONNAME = "Eric Gregor";
				TargetAttributes = {
					58A6E431200EA3260011D0EF = {
						CreatedOnToolsVersion = 9.2;
						ProvisioningStyle = Automatic;
					};
				};
			};
			buildConfigurationList = 58A6E42D200EA3260011D0EF /* Build configuration list for PBXProject "Contact List" */;
			compatibilityVersion = "Xcode 8.0";
			developmentRegion = en;
			hasScannedForEncodings = 0;
			knownRegions = (
				en,
			);
			mainGroup = 58A6E429200EA3260011D0EF;
			productRefGroup = 58A6E433200EA3260011D0EF /* Products */;
			projectDirPath = "";
			projectRoot = "";
			targets = (
				58A6E431200EA3260011D0EF /* Contact List */,
			);
		};
/* End PBXProject section */

/* Begin PBXSourcesBuildPhase section */
		58A6E42E200EA3260011D0EF /* Sources */ = {
			isa = PBXSourcesBuildPhase;
			buildActionMask = 2147483647;
			files = (
				58A6E444200EB2A50011D0EF /* ContactList.m in Sources */,
				58A6E43E200EA4250011D0EF /* InputCollector.m in Sources */,
				58A6E441200EAEAF0011D0EF /* Contact.m in Sources */,
				58A6E436200EA3260011D0EF /* main.m in Sources */,
			);
			runOnlyForDeploymentPostprocessing = 0;
		};
/* End PBXSourcesBuildPhase section */

/* Begin XCBuildConfiguration section */
		58A6E437200EA3260011D0EF /* Debug */ = {
			isa = XCBuildConfiguration;
			buildSettings = {
				ALWAYS_SEARCH_USER_PATHS = NO;
				CLANG_ANALYZER_NONNULL = YES;
				CLANG_ANALYZER_NUMBER_OBJECT_CONVERSION = YES_AGGRESSIVE;
				CLANG_CXX_LANGUAGE_STANDARD = "gnu++14";
				CLANG_CXX_LIBRARY = "libc++";
				CLANG_ENABLE_MODULES = YES;
				CLANG_ENABLE_OBJC_ARC = YES;
				CLANG_WARN_BLOCK_CAPTURE_AUTORELEASING = YES;
				CLANG_WARN_BOOL_CONVERSION = YES;
				CLANG_WARN_COMMA = YES;
				CLANG_WARN_CONSTANT_CONVERSION = YES;
				CLANG_WARN_DIRECT_OBJC_ISA_USAGE = YES_ERROR;
				CLANG_WARN_DOCUMENTATION_COMMENTS = YES;
				CLANG_WARN_EMPTY_BODY = YES;
				CLANG_WARN_ENUM_CONVERSION = YES;
				CLANG_WARN_INFINITE_RECURSION = YES;
				CLANG_WARN_INT_CONVERSION = YES;
				CLANG_WARN_NON_LITERAL_NULL_CONVERSION = YES;
				CLANG_WARN_OBJC_LITERAL_CONVERSION = YES;
				CLANG_WARN_OBJC_ROOT_CLASS = YES_ERROR;
				CLANG_WARN_RANGE_LOOP_ANALYSIS = YES;
				CLANG_WARN_STRICT_PROTOTYPES = YES;
				CLANG_WARN_SUSPICIOUS_MOVE = YES;
				CLANG_WARN_UNGUARDED_AVAILABILITY = YES_AGGRESSIVE;
				CLANG_WARN_UNREACHABLE_CODE = YES;
				CLANG_WARN__DUPLICATE_METHOD_MATCH = YES;
				CODE_SIGN_IDENTITY = "-";
				COPY_PHASE_STRIP = NO;
				DEBUG_INFORMATION_FORMAT = dwarf;
				ENABLE_STRICT_OBJC_MSGSEND = YES;
				ENABLE_TESTABILITY = YES;
				GCC_C_LANGUAGE_STANDARD = gnu11;
				GCC_DYNAMIC_NO_PIC = NO;
				GCC_NO_COMMON_BLOCKS = YES;
				GCC_OPTIMIZATION_LEVEL = 0;
				GCC_PREPROCESSOR_DEFINITIONS = (
					"DEBUG=1",
					"$(inherited)",
				);
				GCC_WARN_64_TO_32_BIT_CONVERSION = YES;
				GCC_WARN_ABOUT_RETURN_TYPE = YES_ERROR;
				GCC_WARN_UNDECLARED_SELECTOR = YES;
				GCC_WARN_UNINITIALIZED_AUTOS = YES_AGGRESSIVE;
				GCC_WARN_UNUSED_FUNCTION = YES;
				GCC_WARN_UNUSED_VARIABLE = YES;
				MACOSX_DEPLOYMENT_TARGET = 10.13;
				MTL_ENABLE_DEBUG_INFO = YES;
				ONLY_ACTIVE_ARCH = YES;
				SDKROOT = macosx;
			};
			name = Debug;
		};
		58A6E438200EA3260011D0EF /* Release */ = {
			isa = XCBuildConfiguration;
			buildSettings = {
				ALWAYS_SEARCH_USER_PATHS = NO;
				CLANG_ANALYZER_NONNULL = YES;
				CLANG_ANALYZER_NUMBER_OBJECT_CONVERSION = YES_AGGRESSIVE;
				CLANG_CXX_LANGUAGE_STANDARD = "gnu++14";
				CLANG_CXX_LIBRARY = "libc++";
				CLANG_ENABLE_MODULES = YES;
				CLANG_ENABLE_OBJC_ARC = YES;
				CLANG_WARN_BLOCK_CAPTURE_AUTORELEASING = YES;
				CLANG_WARN_BOOL_CONVERSION = YES;
				CLANG_WARN_COMMA = YES;
				CLANG_WARN_CONSTANT_CONVERSION = YES;
				CLANG_WARN_DIRECT_OBJC_ISA_USAGE = YES_ERROR;
				CLANG_WARN_DOCUMENTATION_COMMENTS = YES;
				CLANG_WARN_EMPTY_BODY = YES;
				CLANG_WARN_ENUM_CONVERSION = YES;
				CLANG_WARN_INFINITE_RECURSION = YES;
				CLANG_WARN_INT_CONVERSION = YES;
				CLANG_WARN_NON_LITERAL_NULL_CONVERSION = YES;
				CLANG_WARN_OBJC_LITERAL_CONVERSION = YES;
				CLANG_WARN_OBJC_ROOT_CLASS = YES_ERROR;
				CLANG_WARN_RANGE_LOOP_ANALYSIS = YES;
				CLANG_WARN_STRICT_PROTOTYPES = YES;
				CLANG_WARN_SUSPICIOUS_MOVE = YES;
				CLANG_WARN_UNGUARDED_AVAILABILITY = YES_AGGRESSIVE;
				CLANG_WARN_UNREACHABLE_CODE = YES;
				CLANG_WARN__DUPLICATE_METHOD_MATCH = YES;
				CODE_SIGN_IDENTITY = "-";
				COPY_PHASE_STRIP = NO;
				DEBUG_INFORMATION_FORMAT = "dwarf-with-dsym";
				ENABLE_NS_ASSERTIONS = NO;
				ENABLE_STRICT_OBJC_MSGSEND = YES;
				GCC_C_LANGUAGE_STANDARD = gnu11;
				GCC_NO_COMMON_BLOCKS = YES;
				GCC_WARN_64_TO_32_BIT_CONVERSION = YES;
				GCC_WARN_ABOUT_RETURN_TYPE = YES_ERROR;
				GCC_WARN_UNDECLARED_SELECTOR = YES;
				GCC_WARN_UNINITIALIZED_AUTOS = YES_AGGRESSIVE;
				GCC_WARN_UNUSED_FUNCTION = YES;
				GCC_WARN_UNUSED_VARIABLE = YES;
				MACOSX_DEPLOYMENT_TARGET = 10.13;
				MTL_ENABLE_DEBUG_INFO = NO;
				SDKROOT = macosx;
			};
			name = Release;
		};
		58A6E43A200EA3260011D0EF /* Debug */ = {
			isa = XCBuildConfiguration;
			buildSettings = {
				CODE_SIGN_STYLE = Automatic;
				PRODUCT_NAME = "$(TARGET_NAME)";
			};
			name = Debug;
		};
		58A6E43B200EA3260011D0EF /* Release */ = {
			isa = XCBuildConfiguration;
			buildSettings = {
				CODE_SIGN_STYLE = Automatic;
				PRODUCT_NAME = "$(TARGET_NAME)";
			};
			name = Release;
		};
/* End XCBuildConfiguration section */

/* Begin XCConfigurationList section */
		58A6E42D200EA3260011D0EF /* Build configuration list for PBXProject "Contact List" */ = {
			isa = XCConfigurationList;
			buildConfigurations = (
				58A6E437200EA3260011D0EF /* Debug */,
				58A6E438200EA3260011D0EF /* Release */,
			);
			defaultConfigurationIsVisible = 0;
			defaultConfigurationName = Release;
		};
		58A6E439200EA3260011D0EF /* Build configuration list for PBXNativeTarget "Contact List" */ = {
			isa = XCConfigurationList;
			buildConfigurations = (
				58A6E43A200EA3260011D0EF /* Debug */,
				58A6E43B200EA3260011D0EF /* Release */,
			);
			defaultConfigurationIsVisible = 0;
			defaultConfigurationName = Release;
		};
/* End XCConfigurationList section */
	};
	rootObject = 58A6E42A200EA3260011D0EF /* Project object */;
}
