// !$*UTF8*$!
{
	archiveVersion = 1;
	classes = {
	};
	objectVersion = 48;
	objects = {

/* Begin PBXBuildFile section */
		58066B8D201F84C000F21BFB /* AppDelegate.m in Sources */ = {isa = PBXBuildFile; fileRef = 58066B8C201F84C000F21BFB /* AppDelegate.m */; };
		58066B90201F84C000F21BFB /* ViewController.m in Sources */ = {isa = PBXBuildFile; fileRef = 58066B8F201F84C000F21BFB /* ViewController.m */; };
		58066B93201F84C000F21BFB /* Main.storyboard in Resources */ = {isa = PBXBuildFile; fileRef = 58066B91201F84C000F21BFB /* Main.storyboard */; };
		58066B95201F84C000F21BFB /* Assets.xcassets in Resources */ = {isa = PBXBuildFile; fileRef = 58066B94201F84C000F21BFB /* Assets.xcassets */; };
		58066B98201F84C000F21BFB /* LaunchScreen.storyboard in Resources */ = {isa = PBXBuildFile; fileRef = 58066B96201F84C000F21BFB /* LaunchScreen.storyboard */; };
		58066B9B201F84C000F21BFB /* main.m in Sources */ = {isa = PBXBuildFile; fileRef = 58066B9A201F84C000F21BFB /* main.m */; };
		58066BA6201F89D400F21BFB /* CustomViewController.m in Sources */ = {isa = PBXBuildFile; fileRef = 58066BA5201F89D400F21BFB /* CustomViewController.m */; };
		58066BA9201F906400F21BFB /* MyScrollView.m in Sources */ = {isa = PBXBuildFile; fileRef = 58066BA8201F906400F21BFB /* MyScrollView.m */; };
/* End PBXBuildFile section */

/* Begin PBXFileReference section */
		58066B88201F84C000F21BFB /* MyScrollView.app */ = {isa = PBXFileReference; explicitFileType = wrapper.application; includeInIndex = 0; path = MyScrollView.app; sourceTree = BUILT_PRODUCTS_DIR; };
		58066B8B201F84C000F21BFB /* AppDelegate.h */ = {isa = PBXFileReference; lastKnownFileType = sourcecode.c.h; path = AppDelegate.h; sourceTree = "<group>"; };
		58066B8C201F84C000F21BFB /* AppDelegate.m */ = {isa = PBXFileReference; lastKnownFileType = sourcecode.c.objc; path = AppDelegate.m; sourceTree = "<group>"; };
		58066B8E201F84C000F21BFB /* ViewController.h */ = {isa = PBXFileReference; lastKnownFileType = sourcecode.c.h; path = ViewController.h; sourceTree = "<group>"; };
		58066B8F201F84C000F21BFB /* ViewController.m */ = {isa = PBXFileReference; lastKnownFileType = sourcecode.c.objc; path = ViewController.m; sourceTree = "<group>"; };
		58066B92201F84C000F21BFB /* Base */ = {isa = PBXFileReference; lastKnownFileType = file.storyboard; name = Base; path = Base.lproj/Main.storyboard; sourceTree = "<group>"; };
		58066B94201F84C000F21BFB /* Assets.xcassets */ = {isa = PBXFileReference; lastKnownFileType = folder.assetcatalog; path = Assets.xcassets; sourceTree = "<group>"; };
		58066B97201F84C000F21BFB /* Base */ = {isa = PBXFileReference; lastKnownFileType = file.storyboard; name = Base; path = Base.lproj/LaunchScreen.storyboard; sourceTree = "<group>"; };
		58066B99201F84C000F21BFB /* Info.plist */ = {isa = PBXFileReference; lastKnownFileType = text.plist.xml; path = Info.plist; sourceTree = "<group>"; };
		58066B9A201F84C000F21BFB /* main.m */ = {isa = PBXFileReference; lastKnownFileType = sourcecode.c.objc; path = main.m; sourceTree = "<group>"; };
		58066BA4201F89D400F21BFB /* CustomViewController.h */ = {isa = PBXFileReference; lastKnownFileType = sourcecode.c.h; path = CustomViewController.h; sourceTree = "<group>"; };
		58066BA5201F89D400F21BFB /* CustomViewController.m */ = {isa = PBXFileReference; lastKnownFileType = sourcecode.c.objc; path = CustomViewController.m; sourceTree = "<group>"; };
		58066BA7201F906400F21BFB /* MyScrollView.h */ = {isa = PBXFileReference; lastKnownFileType = sourcecode.c.h; path = MyScrollView.h; sourceTree = "<group>"; };
		58066BA8201F906400F21BFB /* MyScrollView.m */ = {isa = PBXFileReference; lastKnownFileType = sourcecode.c.objc; path = MyScrollView.m; sourceTree = "<group>"; };
/* End PBXFileReference section */

/* Begin PBXFrameworksBuildPhase section */
		58066B85201F84C000F21BFB /* Frameworks */ = {
			isa = PBXFrameworksBuildPhase;
			buildActionMask = 2147483647;
			files = (
			);
			runOnlyForDeploymentPostprocessing = 0;
		};
/* End PBXFrameworksBuildPhase section */

/* Begin PBXGroup section */
		58066B7F201F84C000F21BFB = {
			isa = PBXGroup;
			children = (
				58066B8A201F84C000F21BFB /* MyScrollView */,
				58066B89201F84C000F21BFB /* Products */,
			);
			sourceTree = "<group>";
		};
		58066B89201F84C000F21BFB /* Products */ = {
			isa = PBXGroup;
			children = (
				58066B88201F84C000F21BFB /* MyScrollView.app */,
			);
			name = Products;
			sourceTree = "<group>";
		};
		58066B8A201F84C000F21BFB /* MyScrollView */ = {
			isa = PBXGroup;
			children = (
				58066B8B201F84C000F21BFB /* AppDelegate.h */,
				58066B8C201F84C000F21BFB /* AppDelegate.m */,
				58066BA4201F89D400F21BFB /* CustomViewController.h */,
				58066BA5201F89D400F21BFB /* CustomViewController.m */,
				58066BA7201F906400F21BFB /* MyScrollView.h */,
				58066BA8201F906400F21BFB /* MyScrollView.m */,
				58066B8E201F84C000F21BFB /* ViewController.h */,
				58066B8F201F84C000F21BFB /* ViewController.m */,
				58066B91201F84C000F21BFB /* Main.storyboard */,
				58066B94201F84C000F21BFB /* Assets.xcassets */,
				58066B96201F84C000F21BFB /* LaunchScreen.storyboard */,
				58066B99201F84C000F21BFB /* Info.plist */,
				58066B9A201F84C000F21BFB /* main.m */,
			);
			path = MyScrollView;
			sourceTree = "<group>";
		};
/* End PBXGroup section */

/* Begin PBXNativeTarget section */
		58066B87201F84C000F21BFB /* MyScrollView */ = {
			isa = PBXNativeTarget;
			buildConfigurationList = 58066B9E201F84C000F21BFB /* Build configuration list for PBXNativeTarget "MyScrollView" */;
			buildPhases = (
				58066B84201F84C000F21BFB /* Sources */,
				58066B85201F84C000F21BFB /* Frameworks */,
				58066B86201F84C000F21BFB /* Resources */,
			);
			buildRules = (
			);
			dependencies = (
			);
			name = MyScrollView;
			productName = MyScrollView;
			productReference = 58066B88201F84C000F21BFB /* MyScrollView.app */;
			productType = "com.apple.product-type.application";
		};
/* End PBXNativeTarget section */

/* Begin PBXProject section */
		58066B80201F84C000F21BFB /* Project object */ = {
			isa = PBXProject;
			attributes = {
				LastUpgradeCheck = 0920;
				ORGANIZATIONNAME = "Eric Gregor";
				TargetAttributes = {
					58066B87201F84C000F21BFB = {
						CreatedOnToolsVersion = 9.2;
						ProvisioningStyle = Automatic;
					};
				};
			};
			buildConfigurationList = 58066B83201F84C000F21BFB /* Build configuration list for PBXProject "MyScrollView" */;
			compatibilityVersion = "Xcode 8.0";
			developmentRegion = en;
			hasScannedForEncodings = 0;
			knownRegions = (
				en,
				Base,
			);
			mainGroup = 58066B7F201F84C000F21BFB;
			productRefGroup = 58066B89201F84C000F21BFB /* Products */;
			projectDirPath = "";
			projectRoot = "";
			targets = (
				58066B87201F84C000F21BFB /* MyScrollView */,
			);
		};
/* End PBXProject section */

/* Begin PBXResourcesBuildPhase section */
		58066B86201F84C000F21BFB /* Resources */ = {
			isa = PBXResourcesBuildPhase;
			buildActionMask = 2147483647;
			files = (
				58066B98201F84C000F21BFB /* LaunchScreen.storyboard in Resources */,
				58066B95201F84C000F21BFB /* Assets.xcassets in Resources */,
				58066B93201F84C000F21BFB /* Main.storyboard in Resources */,
			);
			runOnlyForDeploymentPostprocessing = 0;
		};
/* End PBXResourcesBuildPhase section */

/* Begin PBXSourcesBuildPhase section */
		58066B84201F84C000F21BFB /* Sources */ = {
			isa = PBXSourcesBuildPhase;
			buildActionMask = 2147483647;
			files = (
				58066B90201F84C000F21BFB /* ViewController.m in Sources */,
				58066B9B201F84C000F21BFB /* main.m in Sources */,
				58066B8D201F84C000F21BFB /* AppDelegate.m in Sources */,
				58066BA9201F906400F21BFB /* MyScrollView.m in Sources */,
				58066BA6201F89D400F21BFB /* CustomViewController.m in Sources */,
			);
			runOnlyForDeploymentPostprocessing = 0;
		};
/* End PBXSourcesBuildPhase section */

/* Begin PBXVariantGroup section */
		58066B91201F84C000F21BFB /* Main.storyboard */ = {
			isa = PBXVariantGroup;
			children = (
				58066B92201F84C000F21BFB /* Base */,
			);
			name = Main.storyboard;
			sourceTree = "<group>";
		};
		58066B96201F84C000F21BFB /* LaunchScreen.storyboard */ = {
			isa = PBXVariantGroup;
			children = (
				58066B97201F84C000F21BFB /* Base */,
			);
			name = LaunchScreen.storyboard;
			sourceTree = "<group>";
		};
/* End PBXVariantGroup section */

/* Begin XCBuildConfiguration section */
		58066B9C201F84C000F21BFB /* Debug */ = {
			isa = XCBuildConfiguration;
			buildSettings = {
				ALWAYS_SEARCH_USER_PATHS = NO;
				CLANG_ANALYZER_NONNULL = YES;
				CLANG_ANALYZER_NUMBER_OBJECT_CONVERSION = YES_AGGRESSIVE;
				CLANG_CXX_LANGUAGE_STANDARD = "gnu++14";
				CLANG_CXX_LIBRARY = "libc++";
				CLANG_ENABLE_MODULES = YES;
				CLANG_ENABLE_OBJC_ARC = YES;
				CLANG_WARN_BLOCK_CAPTURE_AUTORELEASING = YES;
				CLANG_WARN_BOOL_CONVERSION = YES;
				CLANG_WARN_COMMA = YES;
				CLANG_WARN_CONSTANT_CONVERSION = YES;
				CLANG_WARN_DIRECT_OBJC_ISA_USAGE = YES_ERROR;
				CLANG_WARN_DOCUMENTATION_COMMENTS = YES;
				CLANG_WARN_EMPTY_BODY = YES;
				CLANG_WARN_ENUM_CONVERSION = YES;
				CLANG_WARN_INFINITE_RECURSION = YES;
				CLANG_WARN_INT_CONVERSION = YES;
				CLANG_WARN_NON_LITERAL_NULL_CONVERSION = YES;
				CLANG_WARN_OBJC_LITERAL_CONVERSION = YES;
				CLANG_WARN_OBJC_ROOT_CLASS = YES_ERROR;
				CLANG_WARN_RANGE_LOOP_ANALYSIS = YES;
				CLANG_WARN_STRICT_PROTOTYPES = YES;
				CLANG_WARN_SUSPICIOUS_MOVE = YES;
				CLANG_WARN_UNGUARDED_AVAILABILITY = YES_AGGRESSIVE;
				CLANG_WARN_UNREACHABLE_CODE = YES;
				CLANG_WARN__DUPLICATE_METHOD_MATCH = YES;
				CODE_SIGN_IDENTITY = "iPhone Developer";
				COPY_PHASE_STRIP = NO;
				DEBUG_INFORMATION_FORMAT = dwarf;
				ENABLE_STRICT_OBJC_MSGSEND = YES;
				ENABLE_TESTABILITY = YES;
				GCC_C_LANGUAGE_STANDARD = gnu11;
				GCC_DYNAMIC_NO_PIC = NO;
				GCC_NO_COMMON_BLOCKS = YES;
				GCC_OPTIMIZATION_LEVEL = 0;
				GCC_PREPROCESSOR_DEFINITIONS = (
					"DEBUG=1",
					"$(inherited)",
				);
				GCC_WARN_64_TO_32_BIT_CONVERSION = YES;
				GCC_WARN_ABOUT_RETURN_TYPE = YES_ERROR;
				GCC_WARN_UNDECLARED_SELECTOR = YES;
				GCC_WARN_UNINITIALIZED_AUTOS = YES_AGGRESSIVE;
				GCC_WARN_UNUSED_FUNCTION = YES;
				GCC_WARN_UNUSED_VARIABLE = YES;
				IPHONEOS_DEPLOYMENT_TARGET = 11.2;
				MTL_ENABLE_DEBUG_INFO = YES;
				ONLY_ACTIVE_ARCH = YES;
				SDKROOT = iphoneos;
			};
			name = Debug;
		};
		58066B9D201F84C000F21BFB /* Release */ = {
			isa = XCBuildConfiguration;
			buildSettings = {
				ALWAYS_SEARCH_USER_PATHS = NO;
				CLANG_ANALYZER_NONNULL = YES;
				CLANG_ANALYZER_NUMBER_OBJECT_CONVERSION = YES_AGGRESSIVE;
				CLANG_CXX_LANGUAGE_STANDARD = "gnu++14";
				CLANG_CXX_LIBRARY = "libc++";
				CLANG_ENABLE_MODULES = YES;
				CLANG_ENABLE_OBJC_ARC = YES;
				CLANG_WARN_BLOCK_CAPTURE_AUTORELEASING = YES;
				CLANG_WARN_BOOL_CONVERSION = YES;
				CLANG_WARN_COMMA = YES;
				CLANG_WARN_CONSTANT_CONVERSION = YES;
				CLANG_WARN_DIRECT_OBJC_ISA_USAGE = YES_ERROR;
				CLANG_WARN_DOCUMENTATION_COMMENTS = YES;
				CLANG_WARN_EMPTY_BODY = YES;
				CLANG_WARN_ENUM_CONVERSION = YES;
				CLANG_WARN_INFINITE_RECURSION = YES;
				CLANG_WARN_INT_CONVERSION = YES;
				CLANG_WARN_NON_LITERAL_NULL_CONVERSION = YES;
				CLANG_WARN_OBJC_LITERAL_CONVERSION = YES;
				CLANG_WARN_OBJC_ROOT_CLASS = YES_ERROR;
				CLANG_WARN_RANGE_LOOP_ANALYSIS = YES;
				CLANG_WARN_STRICT_PROTOTYPES = YES;
				CLANG_WARN_SUSPICIOUS_MOVE = YES;
				CLANG_WARN_UNGUARDED_AVAILABILITY = YES_AGGRESSIVE;
				CLANG_WARN_UNREACHABLE_CODE = YES;
				CLANG_WARN__DUPLICATE_METHOD_MATCH = YES;
				CODE_SIGN_IDENTITY = "iPhone Developer";
				COPY_PHASE_STRIP = NO;
				DEBUG_INFORMATION_FORMAT = "dwarf-with-dsym";
				ENABLE_NS_ASSERTIONS = NO;
				ENABLE_STRICT_OBJC_MSGSEND = YES;
				GCC_C_LANGUAGE_STANDARD = gnu11;
				GCC_NO_COMMON_BLOCKS = YES;
				GCC_WARN_64_TO_32_BIT_CONVERSION = YES;
				GCC_WARN_ABOUT_RETURN_TYPE = YES_ERROR;
				GCC_WARN_UNDECLARED_SELECTOR = YES;
				GCC_WARN_UNINITIALIZED_AUTOS = YES_AGGRESSIVE;
				GCC_WARN_UNUSED_FUNCTION = YES;
				GCC_WARN_UNUSED_VARIABLE = YES;
				IPHONEOS_DEPLOYMENT_TARGET = 11.2;
				MTL_ENABLE_DEBUG_INFO = NO;
				SDKROOT = iphoneos;
				VALIDATE_PRODUCT = YES;
			};
			name = Release;
		};
		58066B9F201F84C000F21BFB /* Debug */ = {
			isa = XCBuildConfiguration;
			buildSettings = {
				ASSETCATALOG_COMPILER_APPICON_NAME = AppIcon;
				CODE_SIGN_STYLE = Automatic;
				DEVELOPMENT_TEAM = 573K3JNJS6;
				INFOPLIST_FILE = MyScrollView/Info.plist;
				LD_RUNPATH_SEARCH_PATHS = "$(inherited) @executable_path/Frameworks";
				PRODUCT_BUNDLE_IDENTIFIER = ericgregor.MyScrollView;
				PRODUCT_NAME = "$(TARGET_NAME)";
				TARGETED_DEVICE_FAMILY = "1,2";
			};
			name = Debug;
		};
		58066BA0201F84C000F21BFB /* Release */ = {
			isa = XCBuildConfiguration;
			buildSettings = {
				ASSETCATALOG_COMPILER_APPICON_NAME = AppIcon;
				CODE_SIGN_STYLE = Automatic;
				DEVELOPMENT_TEAM = 573K3JNJS6;
				INFOPLIST_FILE = MyScrollView/Info.plist;
				LD_RUNPATH_SEARCH_PATHS = "$(inherited) @executable_path/Frameworks";
				PRODUCT_BUNDLE_IDENTIFIER = ericgregor.MyScrollView;
				PRODUCT_NAME = "$(TARGET_NAME)";
				TARGETED_DEVICE_FAMILY = "1,2";
			};
			name = Release;
		};
/* End XCBuildConfiguration section */

/* Begin XCConfigurationList section */
		58066B83201F84C000F21BFB /* Build configuration list for PBXProject "MyScrollView" */ = {
			isa = XCConfigurationList;
			buildConfigurations = (
				58066B9C201F84C000F21BFB /* Debug */,
				58066B9D201F84C000F21BFB /* Release */,
			);
			defaultConfigurationIsVisible = 0;
			defaultConfigurationName = Release;
		};
		58066B9E201F84C000F21BFB /* Build configuration list for PBXNativeTarget "MyScrollView" */ = {
			isa = XCConfigurationList;
			buildConfigurations = (
				58066B9F201F84C000F21BFB /* Debug */,
				58066BA0201F84C000F21BFB /* Release */,
			);
			defaultConfigurationIsVisible = 0;
			defaultConfigurationName = Release;
		};
/* End XCConfigurationList section */
	};
	rootObject = 58066B80201F84C000F21BFB /* Project object */;
}
